schema: '2.0'
stages:
  train:
    cmd: python -m fraud.training.run_train
    deps:
    - path: dataset/merged_data_pruned.parquet
      hash: md5
      md5: 0cf85decd2f8acacef6384d1e60f99c5
      size: 24052510
    - path: src/fraud/data/load_data.py
      hash: md5
      md5: 723149ce0e788dce9c8dcef0d9047927
      size: 815
    - path: src/fraud/features/
      hash: md5
      md5: 9bbcff84b4a689224f917b83ffcfc34b.dir
      size: 21756
      nfiles: 6
    - path: src/fraud/training/run_train.py
      hash: md5
      md5: b05216fbddabfbf9e5c47c36b4a9258a
      size: 383
    - path: src/fraud/training/train.py
      hash: md5
      md5: 23b7c8b76c35db2ec70a3039c329d7c7
      size: 2413
    outs:
    - path: artifacts/featurizer.joblib
      hash: md5
      md5: c9359a886d0bb3dbe9ca1b8803d1aa9d
      size: 1418870
    - path: artifacts/train_meta.joblib
      hash: md5
      md5: b48a48c71d42688948de53dedfa28f91
      size: 3130
    - path: models/xgb_model.joblib
      hash: md5
      md5: a93babc270fe346f7d8e0b5d2f3d6b8a
      size: 3805106
